// !$*UTF8*$!
{
	archiveVersion = 1;
	classes = {
	};
	objectVersion = 46;
	objects = {

/* Begin PBXBuildFile section */
		020B92EB1839B44800F610DB /* BCPViewController.m in Sources */ = {isa = PBXBuildFile; fileRef = 020B92EA1839B44800F610DB /* BCPViewController.m */; };
		020B92EE1839B85200F610DB /* BCPInterface.m in Sources */ = {isa = PBXBuildFile; fileRef = 020B92ED1839B85200F610DB /* BCPInterface.m */; };
		020B92F21839C0B200F610DB /* UIColor+BCPColors.m in Sources */ = {isa = PBXBuildFile; fileRef = 020B92F11839C0B200F610DB /* UIColor+BCPColors.m */; };
		020B92F51839D0F700F610DB /* BCPConstants.m in Sources */ = {isa = PBXBuildFile; fileRef = 020B92F41839D0F700F610DB /* BCPConstants.m */; };
		020B92F81839D24800F610DB /* BCPCommon.m in Sources */ = {isa = PBXBuildFile; fileRef = 020B92F71839D24800F610DB /* BCPCommon.m */; };
		020B92FC1839DE5300F610DB /* BCPContent.m in Sources */ = {isa = PBXBuildFile; fileRef = 020B92FB1839DE5300F610DB /* BCPContent.m */; };
		0267ECF51839ABB400E3B08B /* Foundation.framework in Frameworks */ = {isa = PBXBuildFile; fileRef = 0267ECF41839ABB400E3B08B /* Foundation.framework */; };
		0267ECF71839ABB400E3B08B /* CoreGraphics.framework in Frameworks */ = {isa = PBXBuildFile; fileRef = 0267ECF61839ABB400E3B08B /* CoreGraphics.framework */; };
		0267ECF91839ABB400E3B08B /* UIKit.framework in Frameworks */ = {isa = PBXBuildFile; fileRef = 0267ECF81839ABB400E3B08B /* UIKit.framework */; };
		0267ECFF1839ABB400E3B08B /* InfoPlist.strings in Resources */ = {isa = PBXBuildFile; fileRef = 0267ECFD1839ABB400E3B08B /* InfoPlist.strings */; };
		0267ED011839ABB400E3B08B /* main.m in Sources */ = {isa = PBXBuildFile; fileRef = 0267ED001839ABB400E3B08B /* main.m */; };
		0267ED051839ABB400E3B08B /* BCPAppDelegate.m in Sources */ = {isa = PBXBuildFile; fileRef = 0267ED041839ABB400E3B08B /* BCPAppDelegate.m */; };
		0267ED071839ABB400E3B08B /* Images.xcassets in Resources */ = {isa = PBXBuildFile; fileRef = 0267ED061839ABB400E3B08B /* Images.xcassets */; };
/* End PBXBuildFile section */

/* Begin PBXFileReference section */
		020B92E91839B44800F610DB /* BCPViewController.h */ = {isa = PBXFileReference; fileEncoding = 4; lastKnownFileType = sourcecode.c.h; path = BCPViewController.h; sourceTree = "<group>"; };
		020B92EA1839B44800F610DB /* BCPViewController.m */ = {isa = PBXFileReference; fileEncoding = 4; lastKnownFileType = sourcecode.c.objc; path = BCPViewController.m; sourceTree = "<group>"; };
		020B92EC1839B85200F610DB /* BCPInterface.h */ = {isa = PBXFileReference; fileEncoding = 4; lastKnownFileType = sourcecode.c.h; path = BCPInterface.h; sourceTree = "<group>"; };
		020B92ED1839B85200F610DB /* BCPInterface.m */ = {isa = PBXFileReference; fileEncoding = 4; lastKnownFileType = sourcecode.c.objc; path = BCPInterface.m; sourceTree = "<group>"; };
		020B92F01839C0B200F610DB /* UIColor+BCPColors.h */ = {isa = PBXFileReference; fileEncoding = 4; lastKnownFileType = sourcecode.c.h; path = "UIColor+BCPColors.h"; sourceTree = "<group>"; };
		020B92F11839C0B200F610DB /* UIColor+BCPColors.m */ = {isa = PBXFileReference; fileEncoding = 4; lastKnownFileType = sourcecode.c.objc; path = "UIColor+BCPColors.m"; sourceTree = "<group>"; };
		020B92F31839D0F700F610DB /* BCPConstants.h */ = {isa = PBXFileReference; fileEncoding = 4; lastKnownFileType = sourcecode.c.h; path = BCPConstants.h; sourceTree = "<group>"; };
		020B92F41839D0F700F610DB /* BCPConstants.m */ = {isa = PBXFileReference; fileEncoding = 4; lastKnownFileType = sourcecode.c.objc; path = BCPConstants.m; sourceTree = "<group>"; };
		020B92F61839D24800F610DB /* BCPCommon.h */ = {isa = PBXFileReference; fileEncoding = 4; lastKnownFileType = sourcecode.c.h; path = BCPCommon.h; sourceTree = "<group>"; };
		020B92F71839D24800F610DB /* BCPCommon.m */ = {isa = PBXFileReference; fileEncoding = 4; lastKnownFileType = sourcecode.c.objc; path = BCPCommon.m; sourceTree = "<group>"; };
		020B92F91839D2C600F610DB /* BCPDelegates.h */ = {isa = PBXFileReference; lastKnownFileType = sourcecode.c.h; path = BCPDelegates.h; sourceTree = "<group>"; };
		020B92FA1839DE5300F610DB /* BCPContent.h */ = {isa = PBXFileReference; fileEncoding = 4; lastKnownFileType = sourcecode.c.h; path = BCPContent.h; sourceTree = "<group>"; };
		020B92FB1839DE5300F610DB /* BCPContent.m */ = {isa = PBXFileReference; fileEncoding = 4; lastKnownFileType = sourcecode.c.objc; path = BCPContent.m; sourceTree = "<group>"; };
		0267ECF11839ABB400E3B08B /* BCP-Mobile.app */ = {isa = PBXFileReference; explicitFileType = wrapper.application; includeInIndex = 0; path = "BCP-Mobile.app"; sourceTree = BUILT_PRODUCTS_DIR; };
		0267ECF41839ABB400E3B08B /* Foundation.framework */ = {isa = PBXFileReference; lastKnownFileType = wrapper.framework; name = Foundation.framework; path = System/Library/Frameworks/Foundation.framework; sourceTree = SDKROOT; };
		0267ECF61839ABB400E3B08B /* CoreGraphics.framework */ = {isa = PBXFileReference; lastKnownFileType = wrapper.framework; name = CoreGraphics.framework; path = System/Library/Frameworks/CoreGraphics.framework; sourceTree = SDKROOT; };
		0267ECF81839ABB400E3B08B /* UIKit.framework */ = {isa = PBXFileReference; lastKnownFileType = wrapper.framework; name = UIKit.framework; path = System/Library/Frameworks/UIKit.framework; sourceTree = SDKROOT; };
		0267ECFC1839ABB400E3B08B /* BCP-Mobile-Info.plist */ = {isa = PBXFileReference; lastKnownFileType = text.plist.xml; path = "BCP-Mobile-Info.plist"; sourceTree = "<group>"; };
		0267ECFE1839ABB400E3B08B /* en */ = {isa = PBXFileReference; lastKnownFileType = text.plist.strings; name = en; path = en.lproj/InfoPlist.strings; sourceTree = "<group>"; };
		0267ED001839ABB400E3B08B /* main.m */ = {isa = PBXFileReference; lastKnownFileType = sourcecode.c.objc; path = main.m; sourceTree = "<group>"; };
		0267ED021839ABB400E3B08B /* BCP-Mobile-Prefix.pch */ = {isa = PBXFileReference; lastKnownFileType = sourcecode.c.h; path = "BCP-Mobile-Prefix.pch"; sourceTree = "<group>"; };
		0267ED031839ABB400E3B08B /* BCPAppDelegate.h */ = {isa = PBXFileReference; lastKnownFileType = sourcecode.c.h; name = BCPAppDelegate.h; path = ../BCPAppDelegate.h; sourceTree = "<group>"; };
		0267ED041839ABB400E3B08B /* BCPAppDelegate.m */ = {isa = PBXFileReference; lastKnownFileType = sourcecode.c.objc; name = BCPAppDelegate.m; path = ../BCPAppDelegate.m; sourceTree = "<group>"; };
		0267ED061839ABB400E3B08B /* Images.xcassets */ = {isa = PBXFileReference; lastKnownFileType = folder.assetcatalog; path = Images.xcassets; sourceTree = "<group>"; };
/* End PBXFileReference section */

/* Begin PBXFrameworksBuildPhase section */
		0267ECEE1839ABB400E3B08B /* Frameworks */ = {
			isa = PBXFrameworksBuildPhase;
			buildActionMask = 2147483647;
			files = (
				0267ECF71839ABB400E3B08B /* CoreGraphics.framework in Frameworks */,
				0267ECF91839ABB400E3B08B /* UIKit.framework in Frameworks */,
				0267ECF51839ABB400E3B08B /* Foundation.framework in Frameworks */,
			);
			runOnlyForDeploymentPostprocessing = 0;
		};
/* End PBXFrameworksBuildPhase section */

/* Begin PBXGroup section */
		020B92E71839B3CC00F610DB /* Resources */ = {
			isa = PBXGroup;
			children = (
			);
			path = Resources;
			sourceTree = "<group>";
		};
		020B92E81839B3D200F610DB /* Classes */ = {
			isa = PBXGroup;
			children = (
				0267ED031839ABB400E3B08B /* BCPAppDelegate.h */,
				0267ED041839ABB400E3B08B /* BCPAppDelegate.m */,
				020B92F61839D24800F610DB /* BCPCommon.h */,
				020B92F71839D24800F610DB /* BCPCommon.m */,
				020B92F31839D0F700F610DB /* BCPConstants.h */,
				020B92F41839D0F700F610DB /* BCPConstants.m */,
				020B92FA1839DE5300F610DB /* BCPContent.h */,
				020B92FB1839DE5300F610DB /* BCPContent.m */,
				020B92F91839D2C600F610DB /* BCPDelegates.h */,
				020B92EC1839B85200F610DB /* BCPInterface.h */,
				020B92ED1839B85200F610DB /* BCPInterface.m */,
				020B92E91839B44800F610DB /* BCPViewController.h */,
				020B92EA1839B44800F610DB /* BCPViewController.m */,
				020B92F01839C0B200F610DB /* UIColor+BCPColors.h */,
				020B92F11839C0B200F610DB /* UIColor+BCPColors.m */,
			);
			path = Classes;
			sourceTree = "<group>";
		};
		0267ECE81839ABB400E3B08B = {
			isa = PBXGroup;
			children = (
				0267ECFA1839ABB400E3B08B /* BCP-Mobile */,
				0267ECF31839ABB400E3B08B /* Frameworks */,
				0267ECF21839ABB400E3B08B /* Products */,
			);
			sourceTree = "<group>";
		};
		0267ECF21839ABB400E3B08B /* Products */ = {
			isa = PBXGroup;
			children = (
				0267ECF11839ABB400E3B08B /* BCP-Mobile.app */,
			);
			name = Products;
			sourceTree = "<group>";
		};
		0267ECF31839ABB400E3B08B /* Frameworks */ = {
			isa = PBXGroup;
			children = (
				0267ECF61839ABB400E3B08B /* CoreGraphics.framework */,
				0267ECF41839ABB400E3B08B /* Foundation.framework */,
				0267ECF81839ABB400E3B08B /* UIKit.framework */,
			);
			name = Frameworks;
			sourceTree = "<group>";
		};
		0267ECFA1839ABB400E3B08B /* BCP-Mobile */ = {
			isa = PBXGroup;
			children = (
				020B92E81839B3D200F610DB /* Classes */,
				020B92E71839B3CC00F610DB /* Resources */,
				0267ECFB1839ABB400E3B08B /* Supporting Files */,
				0267ED061839ABB400E3B08B /* Images.xcassets */,
			);
			path = "BCP-Mobile";
			sourceTree = "<group>";
		};
		0267ECFB1839ABB400E3B08B /* Supporting Files */ = {
			isa = PBXGroup;
			children = (
				0267ECFC1839ABB400E3B08B /* BCP-Mobile-Info.plist */,
				0267ECFD1839ABB400E3B08B /* InfoPlist.strings */,
				0267ED001839ABB400E3B08B /* main.m */,
				0267ED021839ABB400E3B08B /* BCP-Mobile-Prefix.pch */,
			);
			name = "Supporting Files";
			sourceTree = "<group>";
		};
/* End PBXGroup section */

/* Begin PBXNativeTarget section */
		0267ECF01839ABB400E3B08B /* BCP-Mobile */ = {
			isa = PBXNativeTarget;
			buildConfigurationList = 0267ED1D1839ABB400E3B08B /* Build configuration list for PBXNativeTarget "BCP-Mobile" */;
			buildPhases = (
				0267ECED1839ABB400E3B08B /* Sources */,
				0267ECEE1839ABB400E3B08B /* Frameworks */,
				0267ECEF1839ABB400E3B08B /* Resources */,
			);
			buildRules = (
			);
			dependencies = (
			);
			name = "BCP-Mobile";
			productName = "BCP-Mobile";
			productReference = 0267ECF11839ABB400E3B08B /* BCP-Mobile.app */;
			productType = "com.apple.product-type.application";
		};
/* End PBXNativeTarget section */

/* Begin PBXProject section */
		0267ECE91839ABB400E3B08B /* Project object */ = {
			isa = PBXProject;
			attributes = {
				CLASSPREFIX = BCP;
				LastUpgradeCheck = 0500;
				ORGANIZATIONNAME = Kingfish;
				TargetAttributes = {
					0267ECF01839ABB400E3B08B = {
						DevelopmentTeam = FGFSR7EX83;
					};
				};
			};
			buildConfigurationList = 0267ECEC1839ABB400E3B08B /* Build configuration list for PBXProject "BCP-Mobile" */;
			compatibilityVersion = "Xcode 3.2";
			developmentRegion = English;
			hasScannedForEncodings = 0;
			knownRegions = (
				en,
			);
			mainGroup = 0267ECE81839ABB400E3B08B;
			productRefGroup = 0267ECF21839ABB400E3B08B /* Products */;
			projectDirPath = "";
			projectRoot = "";
			targets = (
				0267ECF01839ABB400E3B08B /* BCP-Mobile */,
			);
		};
/* End PBXProject section */

/* Begin PBXResourcesBuildPhase section */
		0267ECEF1839ABB400E3B08B /* Resources */ = {
			isa = PBXResourcesBuildPhase;
			buildActionMask = 2147483647;
			files = (
				0267ECFF1839ABB400E3B08B /* InfoPlist.strings in Resources */,
				0267ED071839ABB400E3B08B /* Images.xcassets in Resources */,
			);
			runOnlyForDeploymentPostprocessing = 0;
		};
/* End PBXResourcesBuildPhase section */

/* Begin PBXSourcesBuildPhase section */
		0267ECED1839ABB400E3B08B /* Sources */ = {
			isa = PBXSourcesBuildPhase;
			buildActionMask = 2147483647;
			files = (
				020B92F81839D24800F610DB /* BCPCommon.m in Sources */,
				020B92F21839C0B200F610DB /* UIColor+BCPColors.m in Sources */,
				0267ED051839ABB400E3B08B /* BCPAppDelegate.m in Sources */,
				020B92EB1839B44800F610DB /* BCPViewController.m in Sources */,
				0267ED011839ABB400E3B08B /* main.m in Sources */,
				020B92EE1839B85200F610DB /* BCPInterface.m in Sources */,
				020B92F51839D0F700F610DB /* BCPConstants.m in Sources */,
				020B92FC1839DE5300F610DB /* BCPContent.m in Sources */,
			);
			runOnlyForDeploymentPostprocessing = 0;
		};
/* End PBXSourcesBuildPhase section */

/* Begin PBXVariantGroup section */
		0267ECFD1839ABB400E3B08B /* InfoPlist.strings */ = {
			isa = PBXVariantGroup;
			children = (
				0267ECFE1839ABB400E3B08B /* en */,
			);
			name = InfoPlist.strings;
			sourceTree = "<group>";
		};
/* End PBXVariantGroup section */

/* Begin XCBuildConfiguration section */
		0267ED1B1839ABB400E3B08B /* Debug */ = {
			isa = XCBuildConfiguration;
			buildSettings = {
				ALWAYS_SEARCH_USER_PATHS = NO;
				ARCHS = "$(ARCHS_STANDARD_INCLUDING_64_BIT)";
				CLANG_CXX_LANGUAGE_STANDARD = "gnu++0x";
				CLANG_CXX_LIBRARY = "libc++";
				CLANG_ENABLE_MODULES = YES;
				CLANG_ENABLE_OBJC_ARC = YES;
				CLANG_WARN_BOOL_CONVERSION = YES;
				CLANG_WARN_CONSTANT_CONVERSION = YES;
				CLANG_WARN_DIRECT_OBJC_ISA_USAGE = YES_ERROR;
				CLANG_WARN_EMPTY_BODY = YES;
				CLANG_WARN_ENUM_CONVERSION = YES;
				CLANG_WARN_INT_CONVERSION = YES;
				CLANG_WARN_OBJC_ROOT_CLASS = YES_ERROR;
				CLANG_WARN__DUPLICATE_METHOD_MATCH = YES;
				"CODE_SIGN_IDENTITY[sdk=iphoneos*]" = "iPhone Developer";
				COPY_PHASE_STRIP = NO;
				GCC_C_LANGUAGE_STANDARD = gnu99;
				GCC_DYNAMIC_NO_PIC = NO;
				GCC_OPTIMIZATION_LEVEL = 0;
				GCC_PREPROCESSOR_DEFINITIONS = (
					"DEBUG=1",
					"$(inherited)",
				);
				GCC_SYMBOLS_PRIVATE_EXTERN = NO;
				GCC_WARN_64_TO_32_BIT_CONVERSION = YES;
				GCC_WARN_ABOUT_RETURN_TYPE = YES_ERROR;
				GCC_WARN_UNDECLARED_SELECTOR = YES;
				GCC_WARN_UNINITIALIZED_AUTOS = YES;
				GCC_WARN_UNUSED_FUNCTION = YES;
				GCC_WARN_UNUSED_VARIABLE = YES;
				IPHONEOS_DEPLOYMENT_TARGET = 7.0;
				ONLY_ACTIVE_ARCH = YES;
				SDKROOT = iphoneos;
				TARGETED_DEVICE_FAMILY = "1,2";
			};
			name = Debug;
		};
		0267ED1C1839ABB400E3B08B /* Release */ = {
			isa = XCBuildConfiguration;
			buildSettings = {
				ALWAYS_SEARCH_USER_PATHS = NO;
				ARCHS = "$(ARCHS_STANDARD_INCLUDING_64_BIT)";
				CLANG_CXX_LANGUAGE_STANDARD = "gnu++0x";
				CLANG_CXX_LIBRARY = "libc++";
				CLANG_ENABLE_MODULES = YES;
				CLANG_ENABLE_OBJC_ARC = YES;
				CLANG_WARN_BOOL_CONVERSION = YES;
				CLANG_WARN_CONSTANT_CONVERSION = YES;
				CLANG_WARN_DIRECT_OBJC_ISA_USAGE = YES_ERROR;
				CLANG_WARN_EMPTY_BODY = YES;
				CLANG_WARN_ENUM_CONVERSION = YES;
				CLANG_WARN_INT_CONVERSION = YES;
				CLANG_WARN_OBJC_ROOT_CLASS = YES_ERROR;
				CLANG_WARN__DUPLICATE_METHOD_MATCH = YES;
				"CODE_SIGN_IDENTITY[sdk=iphoneos*]" = "iPhone Developer";
				COPY_PHASE_STRIP = YES;
				ENABLE_NS_ASSERTIONS = NO;
				GCC_C_LANGUAGE_STANDARD = gnu99;
				GCC_WARN_64_TO_32_BIT_CONVERSION = YES;
				GCC_WARN_ABOUT_RETURN_TYPE = YES_ERROR;
				GCC_WARN_UNDECLARED_SELECTOR = YES;
				GCC_WARN_UNINITIALIZED_AUTOS = YES;
				GCC_WARN_UNUSED_FUNCTION = YES;
				GCC_WARN_UNUSED_VARIABLE = YES;
				IPHONEOS_DEPLOYMENT_TARGET = 7.0;
				SDKROOT = iphoneos;
				TARGETED_DEVICE_FAMILY = "1,2";
				VALIDATE_PRODUCT = YES;
			};
			name = Release;
		};
		0267ED1E1839ABB400E3B08B /* Debug */ = {
			isa = XCBuildConfiguration;
			buildSettings = {
				ASSETCATALOG_COMPILER_APPICON_NAME = AppIcon;
				ASSETCATALOG_COMPILER_LAUNCHIMAGE_NAME = LaunchImage;
				CODE_SIGN_IDENTITY = "iPhone Developer";
				GCC_PRECOMPILE_PREFIX_HEADER = YES;
				GCC_PREFIX_HEADER = "BCP-Mobile/BCP-Mobile-Prefix.pch";
				INFOPLIST_FILE = "BCP-Mobile/BCP-Mobile-Info.plist";
				PRODUCT_NAME = "$(TARGET_NAME)";
				WRAPPER_EXTENSION = app;
			};
			name = Debug;
		};
		0267ED1F1839ABB400E3B08B /* Release */ = {
			isa = XCBuildConfiguration;
			buildSettings = {
				ASSETCATALOG_COMPILER_APPICON_NAME = AppIcon;
				ASSETCATALOG_COMPILER_LAUNCHIMAGE_NAME = LaunchImage;
				CODE_SIGN_IDENTITY = "iPhone Developer";
				GCC_PRECOMPILE_PREFIX_HEADER = YES;
				GCC_PREFIX_HEADER = "BCP-Mobile/BCP-Mobile-Prefix.pch";
				INFOPLIST_FILE = "BCP-Mobile/BCP-Mobile-Info.plist";
				PRODUCT_NAME = "$(TARGET_NAME)";
				WRAPPER_EXTENSION = app;
			};
			name = Release;
		};
/* End XCBuildConfiguration section */

/* Begin XCConfigurationList section */
		0267ECEC1839ABB400E3B08B /* Build configuration list for PBXProject "BCP-Mobile" */ = {
			isa = XCConfigurationList;
			buildConfigurations = (
				0267ED1B1839ABB400E3B08B /* Debug */,
				0267ED1C1839ABB400E3B08B /* Release */,
			);
			defaultConfigurationIsVisible = 0;
			defaultConfigurationName = Release;
		};
		0267ED1D1839ABB400E3B08B /* Build configuration list for PBXNativeTarget "BCP-Mobile" */ = {
			isa = XCConfigurationList;
			buildConfigurations = (
				0267ED1E1839ABB400E3B08B /* Debug */,
				0267ED1F1839ABB400E3B08B /* Release */,
			);
			defaultConfigurationIsVisible = 0;
			defaultConfigurationName = Release;
		};
/* End XCConfigurationList section */
	};
	rootObject = 0267ECE91839ABB400E3B08B /* Project object */;
}
