// !$*UTF8*$!
{
	archiveVersion = 1;
	classes = {
	};
	objectVersion = 46;
	objects = {

/* Begin PBXBuildFile section */
		0267ECBA1839A73600E3B08B /* Foundation.framework in Frameworks */ = {isa = PBXBuildFile; fileRef = 0267ECB91839A73600E3B08B /* Foundation.framework */; };
		0267ECBC1839A73600E3B08B /* CoreGraphics.framework in Frameworks */ = {isa = PBXBuildFile; fileRef = 0267ECBB1839A73600E3B08B /* CoreGraphics.framework */; };
		0267ECBE1839A73600E3B08B /* UIKit.framework in Frameworks */ = {isa = PBXBuildFile; fileRef = 0267ECBD1839A73600E3B08B /* UIKit.framework */; };
		0267ECC41839A73600E3B08B /* InfoPlist.strings in Resources */ = {isa = PBXBuildFile; fileRef = 0267ECC21839A73600E3B08B /* InfoPlist.strings */; };
		0267ECC61839A73600E3B08B /* main.m in Sources */ = {isa = PBXBuildFile; fileRef = 0267ECC51839A73600E3B08B /* main.m */; };
		0267ECCA1839A73600E3B08B /* BCPAppDelegate.m in Sources */ = {isa = PBXBuildFile; fileRef = 0267ECC91839A73600E3B08B /* BCPAppDelegate.m */; };
		0267ECCC1839A73600E3B08B /* Images.xcassets in Resources */ = {isa = PBXBuildFile; fileRef = 0267ECCB1839A73600E3B08B /* Images.xcassets */; };
		0267ECD31839A73700E3B08B /* XCTest.framework in Frameworks */ = {isa = PBXBuildFile; fileRef = 0267ECD21839A73700E3B08B /* XCTest.framework */; };
		0267ECD41839A73700E3B08B /* Foundation.framework in Frameworks */ = {isa = PBXBuildFile; fileRef = 0267ECB91839A73600E3B08B /* Foundation.framework */; };
		0267ECD51839A73700E3B08B /* UIKit.framework in Frameworks */ = {isa = PBXBuildFile; fileRef = 0267ECBD1839A73600E3B08B /* UIKit.framework */; };
		0267ECDD1839A73700E3B08B /* InfoPlist.strings in Resources */ = {isa = PBXBuildFile; fileRef = 0267ECDB1839A73700E3B08B /* InfoPlist.strings */; };
		0267ECDF1839A73700E3B08B /* BCP_MobileTests.m in Sources */ = {isa = PBXBuildFile; fileRef = 0267ECDE1839A73700E3B08B /* BCP_MobileTests.m */; };
/* End PBXBuildFile section */

/* Begin PBXContainerItemProxy section */
		0267ECD61839A73700E3B08B /* PBXContainerItemProxy */ = {
			isa = PBXContainerItemProxy;
			containerPortal = 0267ECAE1839A73600E3B08B /* Project object */;
			proxyType = 1;
			remoteGlobalIDString = 0267ECB51839A73600E3B08B;
			remoteInfo = "BCP-Mobile";
		};
/* End PBXContainerItemProxy section */

/* Begin PBXFileReference section */
		0267ECB61839A73600E3B08B /* BCP-Mobile.app */ = {isa = PBXFileReference; explicitFileType = wrapper.application; includeInIndex = 0; path = "BCP-Mobile.app"; sourceTree = BUILT_PRODUCTS_DIR; };
		0267ECB91839A73600E3B08B /* Foundation.framework */ = {isa = PBXFileReference; lastKnownFileType = wrapper.framework; name = Foundation.framework; path = System/Library/Frameworks/Foundation.framework; sourceTree = SDKROOT; };
		0267ECBB1839A73600E3B08B /* CoreGraphics.framework */ = {isa = PBXFileReference; lastKnownFileType = wrapper.framework; name = CoreGraphics.framework; path = System/Library/Frameworks/CoreGraphics.framework; sourceTree = SDKROOT; };
		0267ECBD1839A73600E3B08B /* UIKit.framework */ = {isa = PBXFileReference; lastKnownFileType = wrapper.framework; name = UIKit.framework; path = System/Library/Frameworks/UIKit.framework; sourceTree = SDKROOT; };
		0267ECC11839A73600E3B08B /* BCP-Mobile-Info.plist */ = {isa = PBXFileReference; lastKnownFileType = text.plist.xml; path = "BCP-Mobile-Info.plist"; sourceTree = "<group>"; };
		0267ECC31839A73600E3B08B /* en */ = {isa = PBXFileReference; lastKnownFileType = text.plist.strings; name = en; path = en.lproj/InfoPlist.strings; sourceTree = "<group>"; };
		0267ECC51839A73600E3B08B /* main.m */ = {isa = PBXFileReference; lastKnownFileType = sourcecode.c.objc; path = main.m; sourceTree = "<group>"; };
		0267ECC71839A73600E3B08B /* BCP-Mobile-Prefix.pch */ = {isa = PBXFileReference; lastKnownFileType = sourcecode.c.h; path = "BCP-Mobile-Prefix.pch"; sourceTree = "<group>"; };
		0267ECC81839A73600E3B08B /* BCPAppDelegate.h */ = {isa = PBXFileReference; lastKnownFileType = sourcecode.c.h; path = BCPAppDelegate.h; sourceTree = "<group>"; };
		0267ECC91839A73600E3B08B /* BCPAppDelegate.m */ = {isa = PBXFileReference; lastKnownFileType = sourcecode.c.objc; path = BCPAppDelegate.m; sourceTree = "<group>"; };
		0267ECCB1839A73600E3B08B /* Images.xcassets */ = {isa = PBXFileReference; lastKnownFileType = folder.assetcatalog; path = Images.xcassets; sourceTree = "<group>"; };
		0267ECD11839A73700E3B08B /* BCP-MobileTests.xctest */ = {isa = PBXFileReference; explicitFileType = wrapper.cfbundle; includeInIndex = 0; path = "BCP-MobileTests.xctest"; sourceTree = BUILT_PRODUCTS_DIR; };
		0267ECD21839A73700E3B08B /* XCTest.framework */ = {isa = PBXFileReference; lastKnownFileType = wrapper.framework; name = XCTest.framework; path = Library/Frameworks/XCTest.framework; sourceTree = DEVELOPER_DIR; };
		0267ECDA1839A73700E3B08B /* BCP-MobileTests-Info.plist */ = {isa = PBXFileReference; lastKnownFileType = text.plist.xml; path = "BCP-MobileTests-Info.plist"; sourceTree = "<group>"; };
		0267ECDC1839A73700E3B08B /* en */ = {isa = PBXFileReference; lastKnownFileType = text.plist.strings; name = en; path = en.lproj/InfoPlist.strings; sourceTree = "<group>"; };
		0267ECDE1839A73700E3B08B /* BCP_MobileTests.m */ = {isa = PBXFileReference; lastKnownFileType = sourcecode.c.objc; path = BCP_MobileTests.m; sourceTree = "<group>"; };
/* End PBXFileReference section */

/* Begin PBXFrameworksBuildPhase section */
		0267ECB31839A73600E3B08B /* Frameworks */ = {
			isa = PBXFrameworksBuildPhase;
			buildActionMask = 2147483647;
			files = (
				0267ECBC1839A73600E3B08B /* CoreGraphics.framework in Frameworks */,
				0267ECBE1839A73600E3B08B /* UIKit.framework in Frameworks */,
				0267ECBA1839A73600E3B08B /* Foundation.framework in Frameworks */,
			);
			runOnlyForDeploymentPostprocessing = 0;
		};
		0267ECCE1839A73700E3B08B /* Frameworks */ = {
			isa = PBXFrameworksBuildPhase;
			buildActionMask = 2147483647;
			files = (
				0267ECD31839A73700E3B08B /* XCTest.framework in Frameworks */,
				0267ECD51839A73700E3B08B /* UIKit.framework in Frameworks */,
				0267ECD41839A73700E3B08B /* Foundation.framework in Frameworks */,
			);
			runOnlyForDeploymentPostprocessing = 0;
		};
/* End PBXFrameworksBuildPhase section */

/* Begin PBXGroup section */
		0267ECAD1839A73600E3B08B = {
			isa = PBXGroup;
			children = (
				0267ECBF1839A73600E3B08B /* BCP-Mobile */,
				0267ECD81839A73700E3B08B /* BCP-MobileTests */,
				0267ECB81839A73600E3B08B /* Frameworks */,
				0267ECB71839A73600E3B08B /* Products */,
			);
			sourceTree = "<group>";
		};
		0267ECB71839A73600E3B08B /* Products */ = {
			isa = PBXGroup;
			children = (
				0267ECB61839A73600E3B08B /* BCP-Mobile.app */,
				0267ECD11839A73700E3B08B /* BCP-MobileTests.xctest */,
			);
			name = Products;
			sourceTree = "<group>";
		};
		0267ECB81839A73600E3B08B /* Frameworks */ = {
			isa = PBXGroup;
			children = (
				0267ECB91839A73600E3B08B /* Foundation.framework */,
				0267ECBB1839A73600E3B08B /* CoreGraphics.framework */,
				0267ECBD1839A73600E3B08B /* UIKit.framework */,
				0267ECD21839A73700E3B08B /* XCTest.framework */,
			);
			name = Frameworks;
			sourceTree = "<group>";
		};
		0267ECBF1839A73600E3B08B /* BCP-Mobile */ = {
			isa = PBXGroup;
			children = (
				0267ECC81839A73600E3B08B /* BCPAppDelegate.h */,
				0267ECC91839A73600E3B08B /* BCPAppDelegate.m */,
				0267ECCB1839A73600E3B08B /* Images.xcassets */,
				0267ECC01839A73600E3B08B /* Supporting Files */,
			);
			path = "BCP-Mobile";
			sourceTree = "<group>";
		};
		0267ECC01839A73600E3B08B /* Supporting Files */ = {
			isa = PBXGroup;
			children = (
				0267ECC11839A73600E3B08B /* BCP-Mobile-Info.plist */,
				0267ECC21839A73600E3B08B /* InfoPlist.strings */,
				0267ECC51839A73600E3B08B /* main.m */,
				0267ECC71839A73600E3B08B /* BCP-Mobile-Prefix.pch */,
			);
			name = "Supporting Files";
			sourceTree = "<group>";
		};
		0267ECD81839A73700E3B08B /* BCP-MobileTests */ = {
			isa = PBXGroup;
			children = (
				0267ECDE1839A73700E3B08B /* BCP_MobileTests.m */,
				0267ECD91839A73700E3B08B /* Supporting Files */,
			);
			path = "BCP-MobileTests";
			sourceTree = "<group>";
		};
		0267ECD91839A73700E3B08B /* Supporting Files */ = {
			isa = PBXGroup;
			children = (
				0267ECDA1839A73700E3B08B /* BCP-MobileTests-Info.plist */,
				0267ECDB1839A73700E3B08B /* InfoPlist.strings */,
			);
			name = "Supporting Files";
			sourceTree = "<group>";
		};
/* End PBXGroup section */

/* Begin PBXNativeTarget section */
		0267ECB51839A73600E3B08B /* BCP-Mobile */ = {
			isa = PBXNativeTarget;
			buildConfigurationList = 0267ECE21839A73700E3B08B /* Build configuration list for PBXNativeTarget "BCP-Mobile" */;
			buildPhases = (
				0267ECB21839A73600E3B08B /* Sources */,
				0267ECB31839A73600E3B08B /* Frameworks */,
				0267ECB41839A73600E3B08B /* Resources */,
			);
			buildRules = (
			);
			dependencies = (
			);
			name = "BCP-Mobile";
			productName = "BCP-Mobile";
			productReference = 0267ECB61839A73600E3B08B /* BCP-Mobile.app */;
			productType = "com.apple.product-type.application";
		};
		0267ECD01839A73700E3B08B /* BCP-MobileTests */ = {
			isa = PBXNativeTarget;
			buildConfigurationList = 0267ECE51839A73700E3B08B /* Build configuration list for PBXNativeTarget "BCP-MobileTests" */;
			buildPhases = (
				0267ECCD1839A73700E3B08B /* Sources */,
				0267ECCE1839A73700E3B08B /* Frameworks */,
				0267ECCF1839A73700E3B08B /* Resources */,
			);
			buildRules = (
			);
			dependencies = (
				0267ECD71839A73700E3B08B /* PBXTargetDependency */,
			);
			name = "BCP-MobileTests";
			productName = "BCP-MobileTests";
			productReference = 0267ECD11839A73700E3B08B /* BCP-MobileTests.xctest */;
			productType = "com.apple.product-type.bundle.unit-test";
		};
/* End PBXNativeTarget section */

/* Begin PBXProject section */
		0267ECAE1839A73600E3B08B /* Project object */ = {
			isa = PBXProject;
			attributes = {
				CLASSPREFIX = BCP;
				LastUpgradeCheck = 0500;
				ORGANIZATIONNAME = Kingfish;
				TargetAttributes = {
					0267ECD01839A73700E3B08B = {
						TestTargetID = 0267ECB51839A73600E3B08B;
					};
				};
			};
			buildConfigurationList = 0267ECB11839A73600E3B08B /* Build configuration list for PBXProject "BCP-Mobile" */;
			compatibilityVersion = "Xcode 3.2";
			developmentRegion = English;
			hasScannedForEncodings = 0;
			knownRegions = (
				en,
			);
			mainGroup = 0267ECAD1839A73600E3B08B;
			productRefGroup = 0267ECB71839A73600E3B08B /* Products */;
			projectDirPath = "";
			projectRoot = "";
			targets = (
				0267ECB51839A73600E3B08B /* BCP-Mobile */,
				0267ECD01839A73700E3B08B /* BCP-MobileTests */,
			);
		};
/* End PBXProject section */

/* Begin PBXResourcesBuildPhase section */
		0267ECB41839A73600E3B08B /* Resources */ = {
			isa = PBXResourcesBuildPhase;
			buildActionMask = 2147483647;
			files = (
				0267ECC41839A73600E3B08B /* InfoPlist.strings in Resources */,
				0267ECCC1839A73600E3B08B /* Images.xcassets in Resources */,
			);
			runOnlyForDeploymentPostprocessing = 0;
		};
		0267ECCF1839A73700E3B08B /* Resources */ = {
			isa = PBXResourcesBuildPhase;
			buildActionMask = 2147483647;
			files = (
				0267ECDD1839A73700E3B08B /* InfoPlist.strings in Resources */,
			);
			runOnlyForDeploymentPostprocessing = 0;
		};
/* End PBXResourcesBuildPhase section */

/* Begin PBXSourcesBuildPhase section */
		0267ECB21839A73600E3B08B /* Sources */ = {
			isa = PBXSourcesBuildPhase;
			buildActionMask = 2147483647;
			files = (
				0267ECCA1839A73600E3B08B /* BCPAppDelegate.m in Sources */,
				0267ECC61839A73600E3B08B /* main.m in Sources */,
			);
			runOnlyForDeploymentPostprocessing = 0;
		};
		0267ECCD1839A73700E3B08B /* Sources */ = {
			isa = PBXSourcesBuildPhase;
			buildActionMask = 2147483647;
			files = (
				0267ECDF1839A73700E3B08B /* BCP_MobileTests.m in Sources */,
			);
			runOnlyForDeploymentPostprocessing = 0;
		};
/* End PBXSourcesBuildPhase section */

/* Begin PBXTargetDependency section */
		0267ECD71839A73700E3B08B /* PBXTargetDependency */ = {
			isa = PBXTargetDependency;
			target = 0267ECB51839A73600E3B08B /* BCP-Mobile */;
			targetProxy = 0267ECD61839A73700E3B08B /* PBXContainerItemProxy */;
		};
/* End PBXTargetDependency section */

/* Begin PBXVariantGroup section */
		0267ECC21839A73600E3B08B /* InfoPlist.strings */ = {
			isa = PBXVariantGroup;
			children = (
				0267ECC31839A73600E3B08B /* en */,
			);
			name = InfoPlist.strings;
			sourceTree = "<group>";
		};
		0267ECDB1839A73700E3B08B /* InfoPlist.strings */ = {
			isa = PBXVariantGroup;
			children = (
				0267ECDC1839A73700E3B08B /* en */,
			);
			name = InfoPlist.strings;
			sourceTree = "<group>";
		};
/* End PBXVariantGroup section */

/* Begin XCBuildConfiguration section */
		0267ECE01839A73700E3B08B /* Debug */ = {
			isa = XCBuildConfiguration;
			buildSettings = {
				ALWAYS_SEARCH_USER_PATHS = NO;
				ARCHS = "$(ARCHS_STANDARD_INCLUDING_64_BIT)";
				CLANG_CXX_LANGUAGE_STANDARD = "gnu++0x";
				CLANG_CXX_LIBRARY = "libc++";
				CLANG_ENABLE_MODULES = YES;
				CLANG_ENABLE_OBJC_ARC = YES;
				CLANG_WARN_BOOL_CONVERSION = YES;
				CLANG_WARN_CONSTANT_CONVERSION = YES;
				CLANG_WARN_DIRECT_OBJC_ISA_USAGE = YES_ERROR;
				CLANG_WARN_EMPTY_BODY = YES;
				CLANG_WARN_ENUM_CONVERSION = YES;
				CLANG_WARN_INT_CONVERSION = YES;
				CLANG_WARN_OBJC_ROOT_CLASS = YES_ERROR;
				CLANG_WARN__DUPLICATE_METHOD_MATCH = YES;
				"CODE_SIGN_IDENTITY[sdk=iphoneos*]" = "iPhone Developer";
				COPY_PHASE_STRIP = NO;
				GCC_C_LANGUAGE_STANDARD = gnu99;
				GCC_DYNAMIC_NO_PIC = NO;
				GCC_OPTIMIZATION_LEVEL = 0;
				GCC_PREPROCESSOR_DEFINITIONS = (
					"DEBUG=1",
					"$(inherited)",
				);
				GCC_SYMBOLS_PRIVATE_EXTERN = NO;
				GCC_WARN_64_TO_32_BIT_CONVERSION = YES;
				GCC_WARN_ABOUT_RETURN_TYPE = YES_ERROR;
				GCC_WARN_UNDECLARED_SELECTOR = YES;
				GCC_WARN_UNINITIALIZED_AUTOS = YES;
				GCC_WARN_UNUSED_FUNCTION = YES;
				GCC_WARN_UNUSED_VARIABLE = YES;
				IPHONEOS_DEPLOYMENT_TARGET = 7.0;
				ONLY_ACTIVE_ARCH = YES;
				SDKROOT = iphoneos;
				TARGETED_DEVICE_FAMILY = "1,2";
			};
			name = Debug;
		};
		0267ECE11839A73700E3B08B /* Release */ = {
			isa = XCBuildConfiguration;
			buildSettings = {
				ALWAYS_SEARCH_USER_PATHS = NO;
				ARCHS = "$(ARCHS_STANDARD_INCLUDING_64_BIT)";
				CLANG_CXX_LANGUAGE_STANDARD = "gnu++0x";
				CLANG_CXX_LIBRARY = "libc++";
				CLANG_ENABLE_MODULES = YES;
				CLANG_ENABLE_OBJC_ARC = YES;
				CLANG_WARN_BOOL_CONVERSION = YES;
				CLANG_WARN_CONSTANT_CONVERSION = YES;
				CLANG_WARN_DIRECT_OBJC_ISA_USAGE = YES_ERROR;
				CLANG_WARN_EMPTY_BODY = YES;
				CLANG_WARN_ENUM_CONVERSION = YES;
				CLANG_WARN_INT_CONVERSION = YES;
				CLANG_WARN_OBJC_ROOT_CLASS = YES_ERROR;
				CLANG_WARN__DUPLICATE_METHOD_MATCH = YES;
				"CODE_SIGN_IDENTITY[sdk=iphoneos*]" = "iPhone Developer";
				COPY_PHASE_STRIP = YES;
				ENABLE_NS_ASSERTIONS = NO;
				GCC_C_LANGUAGE_STANDARD = gnu99;
				GCC_WARN_64_TO_32_BIT_CONVERSION = YES;
				GCC_WARN_ABOUT_RETURN_TYPE = YES_ERROR;
				GCC_WARN_UNDECLARED_SELECTOR = YES;
				GCC_WARN_UNINITIALIZED_AUTOS = YES;
				GCC_WARN_UNUSED_FUNCTION = YES;
				GCC_WARN_UNUSED_VARIABLE = YES;
				IPHONEOS_DEPLOYMENT_TARGET = 7.0;
				SDKROOT = iphoneos;
				TARGETED_DEVICE_FAMILY = "1,2";
				VALIDATE_PRODUCT = YES;
			};
			name = Release;
		};
		0267ECE31839A73700E3B08B /* Debug */ = {
			isa = XCBuildConfiguration;
			buildSettings = {
				ASSETCATALOG_COMPILER_APPICON_NAME = AppIcon;
				ASSETCATALOG_COMPILER_LAUNCHIMAGE_NAME = LaunchImage;
				GCC_PRECOMPILE_PREFIX_HEADER = YES;
				GCC_PREFIX_HEADER = "BCP-Mobile/BCP-Mobile-Prefix.pch";
				INFOPLIST_FILE = "BCP-Mobile/BCP-Mobile-Info.plist";
				PRODUCT_NAME = "$(TARGET_NAME)";
				WRAPPER_EXTENSION = app;
			};
			name = Debug;
		};
		0267ECE41839A73700E3B08B /* Release */ = {
			isa = XCBuildConfiguration;
			buildSettings = {
				ASSETCATALOG_COMPILER_APPICON_NAME = AppIcon;
				ASSETCATALOG_COMPILER_LAUNCHIMAGE_NAME = LaunchImage;
				GCC_PRECOMPILE_PREFIX_HEADER = YES;
				GCC_PREFIX_HEADER = "BCP-Mobile/BCP-Mobile-Prefix.pch";
				INFOPLIST_FILE = "BCP-Mobile/BCP-Mobile-Info.plist";
				PRODUCT_NAME = "$(TARGET_NAME)";
				WRAPPER_EXTENSION = app;
			};
			name = Release;
		};
		0267ECE61839A73700E3B08B /* Debug */ = {
			isa = XCBuildConfiguration;
			buildSettings = {
				ARCHS = "$(ARCHS_STANDARD_INCLUDING_64_BIT)";
				BUNDLE_LOADER = "$(BUILT_PRODUCTS_DIR)/BCP-Mobile.app/BCP-Mobile";
				FRAMEWORK_SEARCH_PATHS = (
					"$(SDKROOT)/Developer/Library/Frameworks",
					"$(inherited)",
					"$(DEVELOPER_FRAMEWORKS_DIR)",
				);
				GCC_PRECOMPILE_PREFIX_HEADER = YES;
				GCC_PREFIX_HEADER = "BCP-Mobile/BCP-Mobile-Prefix.pch";
				GCC_PREPROCESSOR_DEFINITIONS = (
					"DEBUG=1",
					"$(inherited)",
				);
				INFOPLIST_FILE = "BCP-MobileTests/BCP-MobileTests-Info.plist";
				PRODUCT_NAME = "$(TARGET_NAME)";
				TEST_HOST = "$(BUNDLE_LOADER)";
				WRAPPER_EXTENSION = xctest;
			};
			name = Debug;
		};
		0267ECE71839A73700E3B08B /* Release */ = {
			isa = XCBuildConfiguration;
			buildSettings = {
				ARCHS = "$(ARCHS_STANDARD_INCLUDING_64_BIT)";
				BUNDLE_LOADER = "$(BUILT_PRODUCTS_DIR)/BCP-Mobile.app/BCP-Mobile";
				FRAMEWORK_SEARCH_PATHS = (
					"$(SDKROOT)/Developer/Library/Frameworks",
					"$(inherited)",
					"$(DEVELOPER_FRAMEWORKS_DIR)",
				);
				GCC_PRECOMPILE_PREFIX_HEADER = YES;
				GCC_PREFIX_HEADER = "BCP-Mobile/BCP-Mobile-Prefix.pch";
				INFOPLIST_FILE = "BCP-MobileTests/BCP-MobileTests-Info.plist";
				PRODUCT_NAME = "$(TARGET_NAME)";
				TEST_HOST = "$(BUNDLE_LOADER)";
				WRAPPER_EXTENSION = xctest;
			};
			name = Release;
		};
/* End XCBuildConfiguration section */

/* Begin XCConfigurationList section */
		0267ECB11839A73600E3B08B /* Build configuration list for PBXProject "BCP-Mobile" */ = {
			isa = XCConfigurationList;
			buildConfigurations = (
				0267ECE01839A73700E3B08B /* Debug */,
				0267ECE11839A73700E3B08B /* Release */,
			);
			defaultConfigurationIsVisible = 0;
			defaultConfigurationName = Release;
		};
		0267ECE21839A73700E3B08B /* Build configuration list for PBXNativeTarget "BCP-Mobile" */ = {
			isa = XCConfigurationList;
			buildConfigurations = (
				0267ECE31839A73700E3B08B /* Debug */,
				0267ECE41839A73700E3B08B /* Release */,
			);
			defaultConfigurationIsVisible = 0;
		};
		0267ECE51839A73700E3B08B /* Build configuration list for PBXNativeTarget "BCP-MobileTests" */ = {
			isa = XCConfigurationList;
			buildConfigurations = (
				0267ECE61839A73700E3B08B /* Debug */,
				0267ECE71839A73700E3B08B /* Release */,
			);
			defaultConfigurationIsVisible = 0;
		};
/* End XCConfigurationList section */
	};
	rootObject = 0267ECAE1839A73600E3B08B /* Project object */;
}
